
Microsoft Visual Studio Solution File, Format Version 12.00
# Visual Studio Version 17
VisualStudioVersion = 17.9.34714.143
MinimumVisualStudioVersion = 10.0.40219.1
Project("{F184B08F-C81C-45F6-A57F-5ABD9991F28F}") = "VBLargestWordd", "VBLargestWordd\VBLargestWordd.vbproj", "{ABABA38E-D49F-4AC9-A411-CB25E9B9DE24}"
EndProject
Global
	GlobalSection(SolutionConfigurationPlatforms) = preSolution
		Debug|Any CPU = Debug|Any CPU
		Release|Any CPU = Release|Any CPU
	EndGlobalSection
	GlobalSection(ProjectConfigurationPlatforms) = postSolution
		{ABABA38E-D49F-4AC9-A411-CB25E9B9DE24}.Debug|Any CPU.ActiveCfg = Debug|Any CPU
		{ABABA38E-D49F-4AC9-A411-CB25E9B9DE24}.Debug|Any CPU.Build.0 = Debug|Any CPU
		{ABABA38E-D49F-4AC9-A411-CB25E9B9DE24}.Release|Any CPU.ActiveCfg = Release|Any CPU
		{ABABA38E-D49F-4AC9-A411-CB25E9B9DE24}.Release|Any CPU.Build.0 = Release|Any CPU
	EndGlobalSection
	GlobalSection(SolutionProperties) = preSolution
		HideSolutionNode = FALSE
	EndGlobalSection
	GlobalSection(ExtensibilityGlobals) = postSolution
		SolutionGuid = {CA5E93D2-58F6-4960-8C53-D1C28C62BDE7}
	EndGlobalSection
EndGlobal
